PODS:
  - BitmovinAnalyticsCollector/BitmovinPlayer (3.7.0):
    - BitmovinAnalyticsCollector/Core
    - BitmovinPlayerCore (~> 3.48)
  - BitmovinAnalyticsCollector/Core (3.7.0)
  - BitmovinConvivaAnalytics (3.4.0):
    - BitmovinPlayer (~> 3.64)
    - ConvivaSDK (~> 4.0)
  - BitmovinPlayer (3.64.0):
    - BitmovinAnalyticsCollector/BitmovinPlayer (~> 3.0)
    - BitmovinPlayerCore (= 3.64.0)
  - BitmovinPlayerCore (3.64.0)
  - ConvivaSDK (4.0.49)
  - CwlCatchException (2.2.0):
    - CwlCatchExceptionSupport (~> 2.2.0)
  - CwlCatchExceptionSupport (2.2.0)
  - CwlMachBadInstructionHandler (2.2.0)
  - CwlPosixPreconditionTesting (2.2.0)
  - CwlPreconditionTesting (2.2.1):
    - CwlCatchException (~> 2.2.0)
    - CwlMachBadInstructionHandler (~> 2.2.0)
    - CwlPosixPreconditionTesting (~> 2.2.0)
  - GoogleAds-IMA-iOS-SDK (3.22.1)
  - GoogleAds-IMA-tvOS-SDK (4.12.0)
  - Nimble (13.3.0):
    - CwlPreconditionTesting (~> 2.2.0)
  - Quick (7.5.0)

DEPENDENCIES:
  - BitmovinConvivaAnalytics (from `../`)
  - BitmovinPlayer (= 3.64.0)
  - ConvivaSDK (= 4.0.49)
  - GoogleAds-IMA-iOS-SDK (= 3.22.1)
  - GoogleAds-IMA-tvOS-SDK (= 4.12.0)
  - Nimble (~> 13.3.0)
  - Quick (~> 7.5.0)

SPEC REPOS:
  https://github.com/bitmovin/cocoapod-specs.git:
    - BitmovinAnalyticsCollector
    - BitmovinPlayer
    - BitmovinPlayerCore
  trunk:
    - ConvivaSDK
    - CwlCatchException
    - CwlCatchExceptionSupport
    - CwlMachBadInstructionHandler
    - CwlPosixPreconditionTesting
    - CwlPreconditionTesting
    - GoogleAds-IMA-iOS-SDK
    - GoogleAds-IMA-tvOS-SDK
    - Nimble
    - Quick

EXTERNAL SOURCES:
  BitmovinConvivaAnalytics:
    :path: "../"

SPEC CHECKSUMS:
  BitmovinAnalyticsCollector: bbd82c0b8e11aefacd8e53b6e40c62f2cba6f3f5
  BitmovinConvivaAnalytics: fdb459a33e7151d8fc26c736d16f7efb52aad5a5
  BitmovinPlayer: f69350e5db2f57ad950108ec829b7c7a4b360d00
  BitmovinPlayerCore: 1553570729eed0a64cdfbd06d16c39d69d7e701f
  ConvivaSDK: 5d10811e8611ed1fd99a5ab291bdcb1e795f8756
  CwlCatchException: 51bf8319009a31104ea6f0568730d1ecc25b6454
  CwlCatchExceptionSupport: 1345d6adb01a505933f2bc972dab60dcb9ce3e50
  CwlMachBadInstructionHandler: ea1030428925d9bf340882522af30712fb4bf356
  CwlPosixPreconditionTesting: a125dee731883f2582715f548c6b6c92c7fde145
  CwlPreconditionTesting: ccfd08aca58d14e04062b2a3dd2fd52e09857453
  GoogleAds-IMA-iOS-SDK: 160c3616b8371b58016e30aaf441e71d6d9e8f7d
  GoogleAds-IMA-tvOS-SDK: 81c4ded890c3312aafb2fbcdfa04c4008a4e3515
  Nimble: 3ac6c6b0b7e9835d1540b6507d8054b12a415536
  Quick: 2b651168441479b949ba987f3cee41a9cc53aa32

PODFILE CHECKSUM: 7c46997cf928147ddff32915a3194ff8947b03e2

COCOAPODS: 1.15.2
