{
  "pins" : [
    {
      "identity" : "conviva-ios-sdk-spm",
      "kind" : "remoteSourceControl",
      "location" : "https://github.com/Conviva/conviva-ios-sdk-spm.git",
      "state" : {
        "revision" : "cbb9041f33ce32f6e622b6b2f4461adf5c46ffd7",
        "version" : "4.0.49"
      }
    },
    {
      "identity" : "player-ios-core",
      "kind" : "remoteSourceControl",
      "location" : "https://github.com/bitmovin/player-ios-core.git",
      "state" : {
        "revision" : "28ca4c5cb907a7a7b38b6efd113ce5081ecfa765",
        "version" : "3.55.0"
      }
    }
  ],
  "version" : 2
}
